
Microsoft Visual Studio Solution File, Format Version 12.00
# Visual Studio Version 16
VisualStudioVersion = 16.0.32929.386
MinimumVisualStudioVersion = 10.0.40219.1
Project("{FAE04EC0-301F-11D3-BF4B-00C04F79EFBC}") = "ArraysandLists", "ArraysandLists\ArraysandLists.csproj", "{DE75FA0F-646C-49FB-94B1-1EB9094E0398}"
EndProject
Global
	GlobalSection(SolutionConfigurationPlatforms) = preSolution
		Debug|Any CPU = Debug|Any CPU
		Release|Any CPU = Release|Any CPU
	EndGlobalSection
	GlobalSection(ProjectConfigurationPlatforms) = postSolution
		{DE75FA0F-646C-49FB-94B1-1EB9094E0398}.Debug|Any CPU.ActiveCfg = Debug|Any CPU
		{DE75FA0F-646C-49FB-94B1-1EB9094E0398}.Debug|Any CPU.Build.0 = Debug|Any CPU
		{DE75FA0F-646C-49FB-94B1-1EB9094E0398}.Release|Any CPU.ActiveCfg = Release|Any CPU
		{DE75FA0F-646C-49FB-94B1-1EB9094E0398}.Release|Any CPU.Build.0 = Release|Any CPU
	EndGlobalSection
	GlobalSection(SolutionProperties) = preSolution
		HideSolutionNode = FALSE
	EndGlobalSection
	GlobalSection(ExtensibilityGlobals) = postSolution
		SolutionGuid = {B33453DB-DD77-4C78-A74A-259EC2B582A3}
	EndGlobalSection
EndGlobal
