
Microsoft Visual Studio Solution File, Format Version 12.00
# Visual Studio Version 16
VisualStudioVersion = 16.0.32929.386
MinimumVisualStudioVersion = 10.0.40219.1
Project("{FAE04EC0-301F-11D3-BF4B-00C04F79EFBC}") = "ConsoleAppSubmissions", "ConsoleAppSubmissions\ConsoleAppSubmissions.csproj", "{9F7713BC-54D7-44C9-AD08-279882FDA28E}"
EndProject
Global
	GlobalSection(SolutionConfigurationPlatforms) = preSolution
		Debug|Any CPU = Debug|Any CPU
		Release|Any CPU = Release|Any CPU
	EndGlobalSection
	GlobalSection(ProjectConfigurationPlatforms) = postSolution
		{9F7713BC-54D7-44C9-AD08-279882FDA28E}.Debug|Any CPU.ActiveCfg = Debug|Any CPU
		{9F7713BC-54D7-44C9-AD08-279882FDA28E}.Debug|Any CPU.Build.0 = Debug|Any CPU
		{9F7713BC-54D7-44C9-AD08-279882FDA28E}.Release|Any CPU.ActiveCfg = Release|Any CPU
		{9F7713BC-54D7-44C9-AD08-279882FDA28E}.Release|Any CPU.Build.0 = Release|Any CPU
	EndGlobalSection
	GlobalSection(SolutionProperties) = preSolution
		HideSolutionNode = FALSE
	EndGlobalSection
	GlobalSection(ExtensibilityGlobals) = postSolution
		SolutionGuid = {DE40F5E4-2280-4D21-A2A6-8F0266080D15}
	EndGlobalSection
EndGlobal
